
Microsoft Visual Studio Solution File, Format Version 12.00
# Visual Studio 2012
Project("{FAE04EC0-301F-11D3-BF4B-00C04F79EFBC}") = "DatabaseAccess", "DatabaseAccess\DatabaseAccess.csproj", "{A7E96349-C611-48C8-B896-4D86B1A81A01}"
EndProject
Project("{FAE04EC0-301F-11D3-BF4B-00C04F79EFBC}") = "PresentationLayer", "PresentationLayer\PresentationLayer.csproj", "{E3002F0E-EE4A-4CBE-8885-7A8063FAFC2C}"
	ProjectSection(ProjectDependencies) = postProject
		{A7E96349-C611-48C8-B896-4D86B1A81A01} = {A7E96349-C611-48C8-B896-4D86B1A81A01}
	EndProjectSection
EndProject
Project("{FAE04EC0-301F-11D3-BF4B-00C04F79EFBC}") = "DatabaseAccess.Tests", "DatabaseAccess.Tests\DatabaseAccess.Tests.csproj", "{0EFFFD5E-D844-45EC-9653-2CAD227C18B8}"
EndProject
Global
	GlobalSection(SolutionConfigurationPlatforms) = preSolution
		Debug|Any CPU = Debug|Any CPU
		Release|Any CPU = Release|Any CPU
	EndGlobalSection
	GlobalSection(ProjectConfigurationPlatforms) = postSolution
		{A7E96349-C611-48C8-B896-4D86B1A81A01}.Debug|Any CPU.ActiveCfg = Debug|Any CPU
		{A7E96349-C611-48C8-B896-4D86B1A81A01}.Debug|Any CPU.Build.0 = Debug|Any CPU
		{A7E96349-C611-48C8-B896-4D86B1A81A01}.Release|Any CPU.ActiveCfg = Release|Any CPU
		{A7E96349-C611-48C8-B896-4D86B1A81A01}.Release|Any CPU.Build.0 = Release|Any CPU
		{E3002F0E-EE4A-4CBE-8885-7A8063FAFC2C}.Debug|Any CPU.ActiveCfg = Debug|Any CPU
		{E3002F0E-EE4A-4CBE-8885-7A8063FAFC2C}.Debug|Any CPU.Build.0 = Debug|Any CPU
		{E3002F0E-EE4A-4CBE-8885-7A8063FAFC2C}.Release|Any CPU.ActiveCfg = Release|Any CPU
		{E3002F0E-EE4A-4CBE-8885-7A8063FAFC2C}.Release|Any CPU.Build.0 = Release|Any CPU
		{0EFFFD5E-D844-45EC-9653-2CAD227C18B8}.Debug|Any CPU.ActiveCfg = Debug|Any CPU
		{0EFFFD5E-D844-45EC-9653-2CAD227C18B8}.Debug|Any CPU.Build.0 = Debug|Any CPU
		{0EFFFD5E-D844-45EC-9653-2CAD227C18B8}.Release|Any CPU.ActiveCfg = Release|Any CPU
		{0EFFFD5E-D844-45EC-9653-2CAD227C18B8}.Release|Any CPU.Build.0 = Release|Any CPU
	EndGlobalSection
	GlobalSection(SolutionProperties) = preSolution
		HideSolutionNode = FALSE
	EndGlobalSection
EndGlobal
